
Microsoft Visual Studio Solution File, Format Version 12.00
# Visual Studio 15
VisualStudioVersion = 15.0.27004.2010
MinimumVisualStudioVersion = 10.0.40219.1
Project("{FAE04EC0-301F-11D3-BF4B-00C04F79EFBC}") = "RLPlayground", "RLPlayground\RLPlayground.csproj", "{192D340B-E1FF-47F4-A627-97EC038E62CE}"
EndProject
Global
	GlobalSection(SolutionConfigurationPlatforms) = preSolution
		Debug|Any CPU = Debug|Any CPU
		Release|Any CPU = Release|Any CPU
	EndGlobalSection
	GlobalSection(ProjectConfigurationPlatforms) = postSolution
		{192D340B-E1FF-47F4-A627-97EC038E62CE}.Debug|Any CPU.ActiveCfg = Debug|Any CPU
		{192D340B-E1FF-47F4-A627-97EC038E62CE}.Debug|Any CPU.Build.0 = Debug|Any CPU
		{192D340B-E1FF-47F4-A627-97EC038E62CE}.Release|Any CPU.ActiveCfg = Release|Any CPU
		{192D340B-E1FF-47F4-A627-97EC038E62CE}.Release|Any CPU.Build.0 = Release|Any CPU
	EndGlobalSection
	GlobalSection(SolutionProperties) = preSolution
		HideSolutionNode = FALSE
	EndGlobalSection
	GlobalSection(ExtensibilityGlobals) = postSolution
		SolutionGuid = {6E78C06E-4987-48E1-8801-874EC3BE0D91}
	EndGlobalSection
EndGlobal
